
Microsoft Visual Studio Solution File, Format Version 12.00
# Visual Studio Version 17
VisualStudioVersion = 17.5.33516.290
MinimumVisualStudioVersion = 10.0.40219.1
Project("{FAE04EC0-301F-11D3-BF4B-00C04F79EFBC}") = "TH.TS01", "TH.TS01.csproj", "{A6F7B9EF-DC66-480E-A759-487349D0372E}"
EndProject
Global
	GlobalSection(SolutionConfigurationPlatforms) = preSolution
		Debug|Any CPU = Debug|Any CPU
		Release|Any CPU = Release|Any CPU
	EndGlobalSection
	GlobalSection(ProjectConfigurationPlatforms) = postSolution
		{A6F7B9EF-DC66-480E-A759-487349D0372E}.Debug|Any CPU.ActiveCfg = Debug|Any CPU
		{A6F7B9EF-DC66-480E-A759-487349D0372E}.Debug|Any CPU.Build.0 = Debug|Any CPU
		{A6F7B9EF-DC66-480E-A759-487349D0372E}.Release|Any CPU.ActiveCfg = Release|Any CPU
		{A6F7B9EF-DC66-480E-A759-487349D0372E}.Release|Any CPU.Build.0 = Release|Any CPU
	EndGlobalSection
	GlobalSection(SolutionProperties) = preSolution
		HideSolutionNode = FALSE
	EndGlobalSection
	GlobalSection(ExtensibilityGlobals) = postSolution
		SolutionGuid = {0CAE927A-9F79-4795-B2BE-54B055FDC156}
	EndGlobalSection
EndGlobal
